
Microsoft Visual Studio Solution File, Format Version 11.00
# Visual C# Express 2010
Project("{FAE04EC0-301F-11D3-BF4B-00C04F79EFBC}") = "MSOutlookImportVCF", "MSOutlookImportVCF\MSOutlookImportVCF.csproj", "{E88E0160-587E-4BF5-8B37-FC810111A39B}"
EndProject
Global
	GlobalSection(SolutionConfigurationPlatforms) = preSolution
		Debug|x86 = Debug|x86
		Release|x86 = Release|x86
	EndGlobalSection
	GlobalSection(ProjectConfigurationPlatforms) = postSolution
		{E88E0160-587E-4BF5-8B37-FC810111A39B}.Debug|x86.ActiveCfg = Debug|x86
		{E88E0160-587E-4BF5-8B37-FC810111A39B}.Debug|x86.Build.0 = Debug|x86
		{E88E0160-587E-4BF5-8B37-FC810111A39B}.Release|x86.ActiveCfg = Release|x86
		{E88E0160-587E-4BF5-8B37-FC810111A39B}.Release|x86.Build.0 = Release|x86
	EndGlobalSection
	GlobalSection(SolutionProperties) = preSolution
		HideSolutionNode = FALSE
	EndGlobalSection
EndGlobal
